
Microsoft Visual Studio Solution File, Format Version 12.00
# Visual Studio Version 17
VisualStudioVersion = 17.7.34031.279
MinimumVisualStudioVersion = 10.0.40219.1
Project("{9A19103F-16F7-4668-BE54-9A1E7A4F7556}") = "GameEL", "GameEL\GameEL.csproj", "{E5D24EBA-C557-4079-99DD-5294F909C1B6}"
EndProject
Project("{9A19103F-16F7-4668-BE54-9A1E7A4F7556}") = "GameAppPL", "GameAppPL\GameAppPL.csproj", "{C7AFC3FB-07DA-4935-9FD7-A2F36D89A857}"
EndProject
Project("{9A19103F-16F7-4668-BE54-9A1E7A4F7556}") = "GameBLL", "GameBLL\GameBLL.csproj", "{9B1CFEEE-ADEC-4305-AB48-C6727C965DDE}"
EndProject
Project("{9A19103F-16F7-4668-BE54-9A1E7A4F7556}") = "GameDAL", "GameDAL\GameDAL.csproj", "{9CE27A04-F9DD-4B16-A2B0-C663E0170AF1}"
EndProject
Project("{9A19103F-16F7-4668-BE54-9A1E7A4F7556}") = "MSTestBLL", "MSTestBLL\MSTestBLL.csproj", "{8E0E6A27-D969-4A6D-8F17-990AE8B1919B}"
EndProject
Project("{FAE04EC0-301F-11D3-BF4B-00C04F79EFBC}") = "NUnitDAL", "NUnitDAL\NUnitDAL.csproj", "{22B4E0F7-2B59-48F4-A28B-6A10A36775A4}"
EndProject
Global
	GlobalSection(SolutionConfigurationPlatforms) = preSolution
		Debug|Any CPU = Debug|Any CPU
		Release|Any CPU = Release|Any CPU
	EndGlobalSection
	GlobalSection(ProjectConfigurationPlatforms) = postSolution
		{E5D24EBA-C557-4079-99DD-5294F909C1B6}.Debug|Any CPU.ActiveCfg = Debug|Any CPU
		{E5D24EBA-C557-4079-99DD-5294F909C1B6}.Debug|Any CPU.Build.0 = Debug|Any CPU
		{E5D24EBA-C557-4079-99DD-5294F909C1B6}.Release|Any CPU.ActiveCfg = Release|Any CPU
		{E5D24EBA-C557-4079-99DD-5294F909C1B6}.Release|Any CPU.Build.0 = Release|Any CPU
		{C7AFC3FB-07DA-4935-9FD7-A2F36D89A857}.Debug|Any CPU.ActiveCfg = Debug|Any CPU
		{C7AFC3FB-07DA-4935-9FD7-A2F36D89A857}.Debug|Any CPU.Build.0 = Debug|Any CPU
		{C7AFC3FB-07DA-4935-9FD7-A2F36D89A857}.Release|Any CPU.ActiveCfg = Release|Any CPU
		{C7AFC3FB-07DA-4935-9FD7-A2F36D89A857}.Release|Any CPU.Build.0 = Release|Any CPU
		{9B1CFEEE-ADEC-4305-AB48-C6727C965DDE}.Debug|Any CPU.ActiveCfg = Debug|Any CPU
		{9B1CFEEE-ADEC-4305-AB48-C6727C965DDE}.Debug|Any CPU.Build.0 = Debug|Any CPU
		{9B1CFEEE-ADEC-4305-AB48-C6727C965DDE}.Release|Any CPU.ActiveCfg = Release|Any CPU
		{9B1CFEEE-ADEC-4305-AB48-C6727C965DDE}.Release|Any CPU.Build.0 = Release|Any CPU
		{9CE27A04-F9DD-4B16-A2B0-C663E0170AF1}.Debug|Any CPU.ActiveCfg = Debug|Any CPU
		{9CE27A04-F9DD-4B16-A2B0-C663E0170AF1}.Debug|Any CPU.Build.0 = Debug|Any CPU
		{9CE27A04-F9DD-4B16-A2B0-C663E0170AF1}.Release|Any CPU.ActiveCfg = Release|Any CPU
		{9CE27A04-F9DD-4B16-A2B0-C663E0170AF1}.Release|Any CPU.Build.0 = Release|Any CPU
		{8E0E6A27-D969-4A6D-8F17-990AE8B1919B}.Debug|Any CPU.ActiveCfg = Debug|Any CPU
		{8E0E6A27-D969-4A6D-8F17-990AE8B1919B}.Debug|Any CPU.Build.0 = Debug|Any CPU
		{8E0E6A27-D969-4A6D-8F17-990AE8B1919B}.Release|Any CPU.ActiveCfg = Release|Any CPU
		{8E0E6A27-D969-4A6D-8F17-990AE8B1919B}.Release|Any CPU.Build.0 = Release|Any CPU
		{22B4E0F7-2B59-48F4-A28B-6A10A36775A4}.Debug|Any CPU.ActiveCfg = Debug|Any CPU
		{22B4E0F7-2B59-48F4-A28B-6A10A36775A4}.Debug|Any CPU.Build.0 = Debug|Any CPU
		{22B4E0F7-2B59-48F4-A28B-6A10A36775A4}.Release|Any CPU.ActiveCfg = Release|Any CPU
		{22B4E0F7-2B59-48F4-A28B-6A10A36775A4}.Release|Any CPU.Build.0 = Release|Any CPU
	EndGlobalSection
	GlobalSection(SolutionProperties) = preSolution
		HideSolutionNode = FALSE
	EndGlobalSection
	GlobalSection(ExtensibilityGlobals) = postSolution
		SolutionGuid = {8B502DB1-CE29-4460-A0C2-C313677246FF}
	EndGlobalSection
EndGlobal
